// !$*UTF8*$!
{
	archiveVersion = 1;
	classes = {
	};
	objectVersion = 55;
	objects = {

/* Begin PBXBuildFile section */
		18F1EEF12886EA5D00D3384D /* onboarding.swift in Sources */ = {isa = PBXBuildFile; fileRef = 18F1EEF02886EA5D00D3384D /* onboarding.swift */; };
		5A3015DF288DC34A00D63571 /* ChatRoomsViewModel.swift in Sources */ = {isa = PBXBuildFile; fileRef = 5A3015DE288DC34A00D63571 /* ChatRoomsViewModel.swift */; };
		5A3015E1288DCD5E00D63571 /* ChatroomListView.swift in Sources */ = {isa = PBXBuildFile; fileRef = 5A3015E0288DCD5E00D63571 /* ChatroomListView.swift */; };
		5A3015E3288DD27500D63571 /* JoinChatroomView.swift in Sources */ = {isa = PBXBuildFile; fileRef = 5A3015E2288DD27400D63571 /* JoinChatroomView.swift */; };
		5A3015E5288DD60700D63571 /* MessagesViewModel.swift in Sources */ = {isa = PBXBuildFile; fileRef = 5A3015E4288DD60600D63571 /* MessagesViewModel.swift */; };
		5A3015E7288DD8A700D63571 /* MessagesView.swift in Sources */ = {isa = PBXBuildFile; fileRef = 5A3015E6288DD8A700D63571 /* MessagesView.swift */; };
		5A71A9DB288591A1006CC56B /* SelectedModuleView.swift in Sources */ = {isa = PBXBuildFile; fileRef = 5A71A9DA288591A1006CC56B /* SelectedModuleView.swift */; };
		5A71A9E12886D094006CC56B /* AccountView.swift in Sources */ = {isa = PBXBuildFile; fileRef = 5A71A9E02886D094006CC56B /* AccountView.swift */; };
		5A71A9E32886F43F006CC56B /* MapMenuView.swift in Sources */ = {isa = PBXBuildFile; fileRef = 5A71A9E22886F43F006CC56B /* MapMenuView.swift */; };
		5A71A9E82889A66C006CC56B /* RandomNumberGenerator.swift in Sources */ = {isa = PBXBuildFile; fileRef = 5A71A9E72889A66C006CC56B /* RandomNumberGenerator.swift */; };
		5A8D787E2875E1C000CFA3F5 /* GoogleService-Info.plist in Resources */ = {isa = PBXBuildFile; fileRef = 5A8D787D2875E1C000CFA3F5 /* GoogleService-Info.plist */; };
		5A8D78802875E2CB00CFA3F5 /* SignInFirebaseAuthView.swift in Sources */ = {isa = PBXBuildFile; fileRef = 5A8D787F2875E2CB00CFA3F5 /* SignInFirebaseAuthView.swift */; };
		5A8D7882287C2B0F00CFA3F5 /* AppViewModel.swift in Sources */ = {isa = PBXBuildFile; fileRef = 5A8D7881287C2B0F00CFA3F5 /* AppViewModel.swift */; };
		5A8D7884287F072A00CFA3F5 /* SignInSignUpChoiceView.swift in Sources */ = {isa = PBXBuildFile; fileRef = 5A8D7883287F072A00CFA3F5 /* SignInSignUpChoiceView.swift */; };
		5A8D7888287F0A4A00CFA3F5 /* SignUpFirebaseAuthView.swift in Sources */ = {isa = PBXBuildFile; fileRef = 5A8D7887287F0A4A00CFA3F5 /* SignUpFirebaseAuthView.swift */; };
		5A8D788A287F116700CFA3F5 /* StartView.swift in Sources */ = {isa = PBXBuildFile; fileRef = 5A8D7889287F116600CFA3F5 /* StartView.swift */; };
		5A8D790C2880472600CFA3F5 /* MapView.swift in Sources */ = {isa = PBXBuildFile; fileRef = 5A8D790B2880472600CFA3F5 /* MapView.swift */; };
		5A8D791028804F2700CFA3F5 /* CurrentModulesView.swift in Sources */ = {isa = PBXBuildFile; fileRef = 5A8D790F28804F2700CFA3F5 /* CurrentModulesView.swift */; };
		5A8D791228804F6200CFA3F5 /* UpcomingProjectsView.swift in Sources */ = {isa = PBXBuildFile; fileRef = 5A8D791128804F6200CFA3F5 /* UpcomingProjectsView.swift */; };
		5AC2E0C6286338BB009A0CA2 /* IACD_EducationApp_StudentPortalApp.swift in Sources */ = {isa = PBXBuildFile; fileRef = 5AC2E0C5286338BB009A0CA2 /* IACD_EducationApp_StudentPortalApp.swift */; };
		5AC2E0C8286338BB009A0CA2 /* ContentView.swift in Sources */ = {isa = PBXBuildFile; fileRef = 5AC2E0C7286338BB009A0CA2 /* ContentView.swift */; };
		5AC2E0CA286338BC009A0CA2 /* Assets.xcassets in Resources */ = {isa = PBXBuildFile; fileRef = 5AC2E0C9286338BC009A0CA2 /* Assets.xcassets */; };
		5AC2E0CD286338BC009A0CA2 /* Preview Assets.xcassets in Resources */ = {isa = PBXBuildFile; fileRef = 5AC2E0CC286338BC009A0CA2 /* Preview Assets.xcassets */; };
		5AC2E0D428634054009A0CA2 /* HomeView.swift in Sources */ = {isa = PBXBuildFile; fileRef = 5AC2E0D328634053009A0CA2 /* HomeView.swift */; };
		5AC2E0D6286340FD009A0CA2 /* CalendarView.swift in Sources */ = {isa = PBXBuildFile; fileRef = 5AC2E0D5286340FD009A0CA2 /* CalendarView.swift */; };
		6A2F981F2881A6B6001844CC /* Persistence.swift in Sources */ = {isa = PBXBuildFile; fileRef = 6A2F981B2881A6B6001844CC /* Persistence.swift */; };
		6A2F98202881A6B6001844CC /* extensions.swift in Sources */ = {isa = PBXBuildFile; fileRef = 6A2F981C2881A6B6001844CC /* extensions.swift */; };
		6A2F98212881A6B6001844CC /* TaskManagementCoreData.xcdatamodeld in Sources */ = {isa = PBXBuildFile; fileRef = 6A2F981D2881A6B6001844CC /* TaskManagementCoreData.xcdatamodeld */; };
		6A2F98242881A6DB001844CC /* TaskViewModel.swift in Sources */ = {isa = PBXBuildFile; fileRef = 6A2F98232881A6DB001844CC /* TaskViewModel.swift */; };
		6A2F982B2881A71E001844CC /* CalendarHome.swift in Sources */ = {isa = PBXBuildFile; fileRef = 6A2F98272881A71C001844CC /* CalendarHome.swift */; };
		6A2F982C2881A71E001844CC /* CalendarHeaderView.swift in Sources */ = {isa = PBXBuildFile; fileRef = 6A2F98282881A71D001844CC /* CalendarHeaderView.swift */; };
		6A2F982D2881A71E001844CC /* NewTask.swift in Sources */ = {isa = PBXBuildFile; fileRef = 6A2F98292881A71E001844CC /* NewTask.swift */; };
		6A2F982E2881A71E001844CC /* DynamicFilteredView.swift in Sources */ = {isa = PBXBuildFile; fileRef = 6A2F982A2881A71E001844CC /* DynamicFilteredView.swift */; };
		6AC20F2F2889A2370037076C /* ProfileView.swift in Sources */ = {isa = PBXBuildFile; fileRef = 6AC20F2E2889A2370037076C /* ProfileView.swift */; };
		6AC20F322889A3590037076C /* Student.swift in Sources */ = {isa = PBXBuildFile; fileRef = 6AC20F312889A3590037076C /* Student.swift */; };
		6AC20F342889A4480037076C /* StudentViewModel.swift in Sources */ = {isa = PBXBuildFile; fileRef = 6AC20F332889A4480037076C /* StudentViewModel.swift */; };
		6AC20F36288BE2000037076C /* SettingsItem.swift in Sources */ = {isa = PBXBuildFile; fileRef = 6AC20F35288BE2000037076C /* SettingsItem.swift */; };
		6AC20F3C288C07F70037076C /* StudentCardView.swift in Sources */ = {isa = PBXBuildFile; fileRef = 6AC20F3B288C07F70037076C /* StudentCardView.swift */; };
		6AEE181B288D780700B3AD1F /* DegreeModule.swift in Sources */ = {isa = PBXBuildFile; fileRef = 6AEE181A288D780700B3AD1F /* DegreeModule.swift */; };
		6AEE1820288DC41F00B3AD1F /* ModulesCardView.swift in Sources */ = {isa = PBXBuildFile; fileRef = 6AEE181F288DC41F00B3AD1F /* ModulesCardView.swift */; };
		6AEE1822288E862600B3AD1F /* ClassesCardListView.swift in Sources */ = {isa = PBXBuildFile; fileRef = 6AEE1821288E862600B3AD1F /* ClassesCardListView.swift */; };
		96AFC7F33E77C61CFF0F0B1E /* Pods_IACD_EducationApp_StudentPortal.framework in Frameworks */ = {isa = PBXBuildFile; fileRef = F9B149739D65B41B1A2140E1 /* Pods_IACD_EducationApp_StudentPortal.framework */; };
/* End PBXBuildFile section */

/* Begin PBXFileReference section */
		18F1EEF02886EA5D00D3384D /* onboarding.swift */ = {isa = PBXFileReference; lastKnownFileType = sourcecode.swift; path = onboarding.swift; sourceTree = "<group>"; };
		1BF643E09FB5B438EE4DBD33 /* Pods-IACD_EducationApp_StudentPortal.release.xcconfig */ = {isa = PBXFileReference; includeInIndex = 1; lastKnownFileType = text.xcconfig; name = "Pods-IACD_EducationApp_StudentPortal.release.xcconfig"; path = "Target Support Files/Pods-IACD_EducationApp_StudentPortal/Pods-IACD_EducationApp_StudentPortal.release.xcconfig"; sourceTree = "<group>"; };
		5A3015DE288DC34A00D63571 /* ChatRoomsViewModel.swift */ = {isa = PBXFileReference; lastKnownFileType = sourcecode.swift; path = ChatRoomsViewModel.swift; sourceTree = "<group>"; };
		5A3015E0288DCD5E00D63571 /* ChatroomListView.swift */ = {isa = PBXFileReference; lastKnownFileType = sourcecode.swift; path = ChatroomListView.swift; sourceTree = "<group>"; };
		5A3015E2288DD27400D63571 /* JoinChatroomView.swift */ = {isa = PBXFileReference; lastKnownFileType = sourcecode.swift; path = JoinChatroomView.swift; sourceTree = "<group>"; };
		5A3015E4288DD60600D63571 /* MessagesViewModel.swift */ = {isa = PBXFileReference; lastKnownFileType = sourcecode.swift; path = MessagesViewModel.swift; sourceTree = "<group>"; };
		5A3015E6288DD8A700D63571 /* MessagesView.swift */ = {isa = PBXFileReference; lastKnownFileType = sourcecode.swift; path = MessagesView.swift; sourceTree = "<group>"; };
		5A71A9DA288591A1006CC56B /* SelectedModuleView.swift */ = {isa = PBXFileReference; lastKnownFileType = sourcecode.swift; path = SelectedModuleView.swift; sourceTree = "<group>"; };
		5A71A9E02886D094006CC56B /* AccountView.swift */ = {isa = PBXFileReference; lastKnownFileType = sourcecode.swift; path = AccountView.swift; sourceTree = "<group>"; };
		5A71A9E22886F43F006CC56B /* MapMenuView.swift */ = {isa = PBXFileReference; lastKnownFileType = sourcecode.swift; path = MapMenuView.swift; sourceTree = "<group>"; };
		5A71A9E72889A66C006CC56B /* RandomNumberGenerator.swift */ = {isa = PBXFileReference; lastKnownFileType = sourcecode.swift; path = RandomNumberGenerator.swift; sourceTree = "<group>"; };
		5A8D787D2875E1C000CFA3F5 /* GoogleService-Info.plist */ = {isa = PBXFileReference; fileEncoding = 4; lastKnownFileType = text.plist.xml; path = "GoogleService-Info.plist"; sourceTree = "<group>"; };
		5A8D787F2875E2CB00CFA3F5 /* SignInFirebaseAuthView.swift */ = {isa = PBXFileReference; lastKnownFileType = sourcecode.swift; path = SignInFirebaseAuthView.swift; sourceTree = "<group>"; };
		5A8D7881287C2B0F00CFA3F5 /* AppViewModel.swift */ = {isa = PBXFileReference; lastKnownFileType = sourcecode.swift; path = AppViewModel.swift; sourceTree = "<group>"; };
		5A8D7883287F072A00CFA3F5 /* SignInSignUpChoiceView.swift */ = {isa = PBXFileReference; lastKnownFileType = sourcecode.swift; path = SignInSignUpChoiceView.swift; sourceTree = "<group>"; };
		5A8D7887287F0A4A00CFA3F5 /* SignUpFirebaseAuthView.swift */ = {isa = PBXFileReference; lastKnownFileType = sourcecode.swift; path = SignUpFirebaseAuthView.swift; sourceTree = "<group>"; };
		5A8D7889287F116600CFA3F5 /* StartView.swift */ = {isa = PBXFileReference; lastKnownFileType = sourcecode.swift; path = StartView.swift; sourceTree = "<group>"; };
		5A8D790B2880472600CFA3F5 /* MapView.swift */ = {isa = PBXFileReference; lastKnownFileType = sourcecode.swift; path = MapView.swift; sourceTree = "<group>"; };
		5A8D790F28804F2700CFA3F5 /* CurrentModulesView.swift */ = {isa = PBXFileReference; lastKnownFileType = sourcecode.swift; path = CurrentModulesView.swift; sourceTree = "<group>"; };
		5A8D791128804F6200CFA3F5 /* UpcomingProjectsView.swift */ = {isa = PBXFileReference; lastKnownFileType = sourcecode.swift; path = UpcomingProjectsView.swift; sourceTree = "<group>"; };
		5AC2E0C2286338BB009A0CA2 /* IACD_EducationApp_StudentPortal.app */ = {isa = PBXFileReference; explicitFileType = wrapper.application; includeInIndex = 0; path = IACD_EducationApp_StudentPortal.app; sourceTree = BUILT_PRODUCTS_DIR; };
		5AC2E0C5286338BB009A0CA2 /* IACD_EducationApp_StudentPortalApp.swift */ = {isa = PBXFileReference; lastKnownFileType = sourcecode.swift; path = IACD_EducationApp_StudentPortalApp.swift; sourceTree = "<group>"; };
		5AC2E0C7286338BB009A0CA2 /* ContentView.swift */ = {isa = PBXFileReference; lastKnownFileType = sourcecode.swift; path = ContentView.swift; sourceTree = "<group>"; };
		5AC2E0C9286338BC009A0CA2 /* Assets.xcassets */ = {isa = PBXFileReference; lastKnownFileType = folder.assetcatalog; path = Assets.xcassets; sourceTree = "<group>"; };
		5AC2E0CC286338BC009A0CA2 /* Preview Assets.xcassets */ = {isa = PBXFileReference; lastKnownFileType = folder.assetcatalog; path = "Preview Assets.xcassets"; sourceTree = "<group>"; };
		5AC2E0D328634053009A0CA2 /* HomeView.swift */ = {isa = PBXFileReference; fileEncoding = 4; lastKnownFileType = sourcecode.swift; path = HomeView.swift; sourceTree = "<group>"; };
		5AC2E0D5286340FD009A0CA2 /* CalendarView.swift */ = {isa = PBXFileReference; lastKnownFileType = sourcecode.swift; path = CalendarView.swift; sourceTree = "<group>"; };
		6A110B22288C73D00002D765 /* FirebaseFirestore.framework */ = {isa = PBXFileReference; explicitFileType = wrapper.framework; path = FirebaseFirestore.framework; sourceTree = BUILT_PRODUCTS_DIR; };
		6A2F981B2881A6B6001844CC /* Persistence.swift */ = {isa = PBXFileReference; fileEncoding = 4; lastKnownFileType = sourcecode.swift; path = Persistence.swift; sourceTree = "<group>"; };
		6A2F981C2881A6B6001844CC /* extensions.swift */ = {isa = PBXFileReference; fileEncoding = 4; lastKnownFileType = sourcecode.swift; path = extensions.swift; sourceTree = "<group>"; };
		6A2F981E2881A6B6001844CC /* TaskManagementCoreData.xcdatamodel */ = {isa = PBXFileReference; lastKnownFileType = wrapper.xcdatamodel; path = TaskManagementCoreData.xcdatamodel; sourceTree = "<group>"; };
		6A2F98232881A6DB001844CC /* TaskViewModel.swift */ = {isa = PBXFileReference; fileEncoding = 4; lastKnownFileType = sourcecode.swift; path = TaskViewModel.swift; sourceTree = "<group>"; };
		6A2F98272881A71C001844CC /* CalendarHome.swift */ = {isa = PBXFileReference; fileEncoding = 4; lastKnownFileType = sourcecode.swift; path = CalendarHome.swift; sourceTree = "<group>"; };
		6A2F98282881A71D001844CC /* CalendarHeaderView.swift */ = {isa = PBXFileReference; fileEncoding = 4; lastKnownFileType = sourcecode.swift; path = CalendarHeaderView.swift; sourceTree = "<group>"; };
		6A2F98292881A71E001844CC /* NewTask.swift */ = {isa = PBXFileReference; fileEncoding = 4; lastKnownFileType = sourcecode.swift; path = NewTask.swift; sourceTree = "<group>"; };
		6A2F982A2881A71E001844CC /* DynamicFilteredView.swift */ = {isa = PBXFileReference; fileEncoding = 4; lastKnownFileType = sourcecode.swift; path = DynamicFilteredView.swift; sourceTree = "<group>"; };
		6AC20F2E2889A2370037076C /* ProfileView.swift */ = {isa = PBXFileReference; lastKnownFileType = sourcecode.swift; path = ProfileView.swift; sourceTree = "<group>"; };
		6AC20F312889A3590037076C /* Student.swift */ = {isa = PBXFileReference; lastKnownFileType = sourcecode.swift; path = Student.swift; sourceTree = "<group>"; };
		6AC20F332889A4480037076C /* StudentViewModel.swift */ = {isa = PBXFileReference; lastKnownFileType = sourcecode.swift; path = StudentViewModel.swift; sourceTree = "<group>"; };
		6AC20F35288BE2000037076C /* SettingsItem.swift */ = {isa = PBXFileReference; lastKnownFileType = sourcecode.swift; path = SettingsItem.swift; sourceTree = "<group>"; };
		6AC20F3B288C07F70037076C /* StudentCardView.swift */ = {isa = PBXFileReference; lastKnownFileType = sourcecode.swift; path = StudentCardView.swift; sourceTree = "<group>"; };
		6AEE181A288D780700B3AD1F /* DegreeModule.swift */ = {isa = PBXFileReference; lastKnownFileType = sourcecode.swift; path = DegreeModule.swift; sourceTree = "<group>"; };
		6AEE181F288DC41F00B3AD1F /* ModulesCardView.swift */ = {isa = PBXFileReference; lastKnownFileType = sourcecode.swift; path = ModulesCardView.swift; sourceTree = "<group>"; };
		6AEE1821288E862600B3AD1F /* ClassesCardListView.swift */ = {isa = PBXFileReference; lastKnownFileType = sourcecode.swift; path = ClassesCardListView.swift; sourceTree = "<group>"; };
		B830B4E1F01248BD0D3371A1 /* Pods-IACD_EducationApp_StudentPortal.debug.xcconfig */ = {isa = PBXFileReference; includeInIndex = 1; lastKnownFileType = text.xcconfig; name = "Pods-IACD_EducationApp_StudentPortal.debug.xcconfig"; path = "Target Support Files/Pods-IACD_EducationApp_StudentPortal/Pods-IACD_EducationApp_StudentPortal.debug.xcconfig"; sourceTree = "<group>"; };
		F9B149739D65B41B1A2140E1 /* Pods_IACD_EducationApp_StudentPortal.framework */ = {isa = PBXFileReference; explicitFileType = wrapper.framework; includeInIndex = 0; path = Pods_IACD_EducationApp_StudentPortal.framework; sourceTree = BUILT_PRODUCTS_DIR; };
/* End PBXFileReference section */

/* Begin PBXFrameworksBuildPhase section */
		5AC2E0BF286338BB009A0CA2 /* Frameworks */ = {
			isa = PBXFrameworksBuildPhase;
			buildActionMask = 2147483647;
			files = (
				96AFC7F33E77C61CFF0F0B1E /* Pods_IACD_EducationApp_StudentPortal.framework in Frameworks */,
			);
			runOnlyForDeploymentPostprocessing = 0;
		};
/* End PBXFrameworksBuildPhase section */

/* Begin PBXGroup section */
		02EE188F718D19315009C12A /* Pods */ = {
			isa = PBXGroup;
			children = (
				B830B4E1F01248BD0D3371A1 /* Pods-IACD_EducationApp_StudentPortal.debug.xcconfig */,
				1BF643E09FB5B438EE4DBD33 /* Pods-IACD_EducationApp_StudentPortal.release.xcconfig */,
			);
			path = Pods;
			sourceTree = "<group>";
		};
		5A3015D2288DB29B00D63571 /* Forums */ = {
			isa = PBXGroup;
			children = (
				5A3015E0288DCD5E00D63571 /* ChatroomListView.swift */,
				5A3015E2288DD27400D63571 /* JoinChatroomView.swift */,
				5A3015E6288DD8A700D63571 /* MessagesView.swift */,
			);
			path = Forums;
			sourceTree = "<group>";
		};
		5A71A9E42886F459006CC56B /* Map */ = {
			isa = PBXGroup;
			children = (
				5A8D790B2880472600CFA3F5 /* MapView.swift */,
				5A71A9E22886F43F006CC56B /* MapMenuView.swift */,
			);
			path = Map;
			sourceTree = "<group>";
		};
		5A8D7913288195EF00CFA3F5 /* Sign In & Sign Up */ = {
			isa = PBXGroup;
			children = (
				5A8D787F2875E2CB00CFA3F5 /* SignInFirebaseAuthView.swift */,
				5A8D7887287F0A4A00CFA3F5 /* SignUpFirebaseAuthView.swift */,
				5A8D7883287F072A00CFA3F5 /* SignInSignUpChoiceView.swift */,
				18F1EEF02886EA5D00D3384D /* onboarding.swift */,
			);
			path = "Sign In & Sign Up";
			sourceTree = "<group>";
		};
		5A8D793F2881A0D500CFA3F5 /* HomeView */ = {
			isa = PBXGroup;
			children = (
				5A8D790F28804F2700CFA3F5 /* CurrentModulesView.swift */,
				5A71A9DA288591A1006CC56B /* SelectedModuleView.swift */,
				5AC2E0D328634053009A0CA2 /* HomeView.swift */,
				5A8D791128804F6200CFA3F5 /* UpcomingProjectsView.swift */,
			);
			path = HomeView;
			sourceTree = "<group>";
		};
		5AC2E0B9286338BB009A0CA2 = {
			isa = PBXGroup;
			children = (
				5A8D787D2875E1C000CFA3F5 /* GoogleService-Info.plist */,
				5AC2E0C4286338BB009A0CA2 /* IACD_EducationApp_StudentPortal */,
				5AC2E0C3286338BB009A0CA2 /* Products */,
				02EE188F718D19315009C12A /* Pods */,
				C62E5F69C3D14C49AB6E4D2D /* Frameworks */,
			);
			sourceTree = "<group>";
		};
		5AC2E0C3286338BB009A0CA2 /* Products */ = {
			isa = PBXGroup;
			children = (
				5AC2E0C2286338BB009A0CA2 /* IACD_EducationApp_StudentPortal.app */,
			);
			name = Products;
			sourceTree = "<group>";
		};
		5AC2E0C4286338BB009A0CA2 /* IACD_EducationApp_StudentPortal */ = {
			isa = PBXGroup;
			children = (
				5A3015D2288DB29B00D63571 /* Forums */,
				5AC2E0C5286338BB009A0CA2 /* IACD_EducationApp_StudentPortalApp.swift */,
				6AC20F302889A32B0037076C /* Model */,
				6A2F98252881A70C001844CC /* View */,
				6A2F98222881A6DB001844CC /* ViewModel */,
				6A2F981A2881A6B6001844CC /* Utils */,
				5AC2E0C9286338BC009A0CA2 /* Assets.xcassets */,
				5AC2E0CB286338BC009A0CA2 /* Preview Content */,
			);
			path = IACD_EducationApp_StudentPortal;
			sourceTree = "<group>";
		};
		5AC2E0CB286338BC009A0CA2 /* Preview Content */ = {
			isa = PBXGroup;
			children = (
				5AC2E0CC286338BC009A0CA2 /* Preview Assets.xcassets */,
			);
			path = "Preview Content";
			sourceTree = "<group>";
		};
		6A2F981A2881A6B6001844CC /* Utils */ = {
			isa = PBXGroup;
			children = (
				6A2F981B2881A6B6001844CC /* Persistence.swift */,
				6A2F981C2881A6B6001844CC /* extensions.swift */,
				5A71A9E72889A66C006CC56B /* RandomNumberGenerator.swift */,
				6A2F981D2881A6B6001844CC /* TaskManagementCoreData.xcdatamodeld */,
				5A3015DE288DC34A00D63571 /* ChatRoomsViewModel.swift */,
			);
			path = Utils;
			sourceTree = "<group>";
		};
		6A2F98222881A6DB001844CC /* ViewModel */ = {
			isa = PBXGroup;
			children = (
				5A8D7881287C2B0F00CFA3F5 /* AppViewModel.swift */,
				6A2F98232881A6DB001844CC /* TaskViewModel.swift */,
				6AC20F332889A4480037076C /* StudentViewModel.swift */,
				5A3015E4288DD60600D63571 /* MessagesViewModel.swift */,
			);
			path = ViewModel;
			sourceTree = "<group>";
		};
		6A2F98252881A70C001844CC /* View */ = {
			isa = PBXGroup;
			children = (
				5A8D7889287F116600CFA3F5 /* StartView.swift */,
				5AC2E0C7286338BB009A0CA2 /* ContentView.swift */,
				5A71A9E02886D094006CC56B /* AccountView.swift */,
				5A8D7913288195EF00CFA3F5 /* Sign In & Sign Up */,
				6AC20F2D28899EED0037076C /* Profile */,
				5A71A9E42886F459006CC56B /* Map */,
				5A8D793F2881A0D500CFA3F5 /* HomeView */,
				6A2F98262881A712001844CC /* Calendar */,
			);
			path = View;
			sourceTree = "<group>";
		};
		6A2F98262881A712001844CC /* Calendar */ = {
			isa = PBXGroup;
			children = (
				5AC2E0D5286340FD009A0CA2 /* CalendarView.swift */,
				6A2F98282881A71D001844CC /* CalendarHeaderView.swift */,
				6A2F98272881A71C001844CC /* CalendarHome.swift */,
				6A2F982A2881A71E001844CC /* DynamicFilteredView.swift */,
				6A2F98292881A71E001844CC /* NewTask.swift */,
			);
			path = Calendar;
			sourceTree = "<group>";
		};
		6AC20F2D28899EED0037076C /* Profile */ = {
			isa = PBXGroup;
			children = (
				6AEE181C288DC3AA00B3AD1F /* Tab Bar Options */,
				6AC20F2E2889A2370037076C /* ProfileView.swift */,
				6AC20F3B288C07F70037076C /* StudentCardView.swift */,
			);
			path = Profile;
			sourceTree = "<group>";
		};
		6AC20F302889A32B0037076C /* Model */ = {
			isa = PBXGroup;
			children = (
				6AC20F312889A3590037076C /* Student.swift */,
				6AC20F35288BE2000037076C /* SettingsItem.swift */,
				6AEE181A288D780700B3AD1F /* DegreeModule.swift */,
			);
			path = Model;
			sourceTree = "<group>";
		};
		6AEE181C288DC3AA00B3AD1F /* Tab Bar Options */ = {
			isa = PBXGroup;
			children = (
				6AEE181F288DC41F00B3AD1F /* ModulesCardView.swift */,
				6AEE1821288E862600B3AD1F /* ClassesCardListView.swift */,
			);
			path = "Tab Bar Options";
			sourceTree = "<group>";
		};
		C62E5F69C3D14C49AB6E4D2D /* Frameworks */ = {
			isa = PBXGroup;
			children = (
				6A110B22288C73D00002D765 /* FirebaseFirestore.framework */,
				F9B149739D65B41B1A2140E1 /* Pods_IACD_EducationApp_StudentPortal.framework */,
			);
			name = Frameworks;
			sourceTree = "<group>";
		};
/* End PBXGroup section */

/* Begin PBXNativeTarget section */
		5AC2E0C1286338BB009A0CA2 /* IACD_EducationApp_StudentPortal */ = {
			isa = PBXNativeTarget;
			buildConfigurationList = 5AC2E0D0286338BC009A0CA2 /* Build configuration list for PBXNativeTarget "IACD_EducationApp_StudentPortal" */;
			buildPhases = (
				BFB95F6F7974AFADAD2177CA /* [CP] Check Pods Manifest.lock */,
				5AC2E0BE286338BB009A0CA2 /* Sources */,
				5AC2E0BF286338BB009A0CA2 /* Frameworks */,
				5AC2E0C0286338BB009A0CA2 /* Resources */,
				1C9F3AE5DA2077D3486B70A5 /* [CP] Embed Pods Frameworks */,
			);
			buildRules = (
			);
			dependencies = (
			);
			name = IACD_EducationApp_StudentPortal;
			packageProductDependencies = (
			);
			productName = IACD_EducationApp_StudentPortal;
			productReference = 5AC2E0C2286338BB009A0CA2 /* IACD_EducationApp_StudentPortal.app */;
			productType = "com.apple.product-type.application";
		};
/* End PBXNativeTarget section */

/* Begin PBXProject section */
		5AC2E0BA286338BB009A0CA2 /* Project object */ = {
			isa = PBXProject;
			attributes = {
				BuildIndependentTargetsInParallel = 1;
				LastSwiftUpdateCheck = 1320;
				LastUpgradeCheck = 1320;
				TargetAttributes = {
					5AC2E0C1286338BB009A0CA2 = {
						CreatedOnToolsVersion = 13.2.1;
					};
				};
			};
			buildConfigurationList = 5AC2E0BD286338BB009A0CA2 /* Build configuration list for PBXProject "IACD_EducationApp_StudentPortal" */;
			compatibilityVersion = "Xcode 13.0";
			developmentRegion = en;
			hasScannedForEncodings = 0;
			knownRegions = (
				en,
				Base,
			);
			mainGroup = 5AC2E0B9286338BB009A0CA2;
			packageReferences = (
			);
			productRefGroup = 5AC2E0C3286338BB009A0CA2 /* Products */;
			projectDirPath = "";
			projectRoot = "";
			targets = (
				5AC2E0C1286338BB009A0CA2 /* IACD_EducationApp_StudentPortal */,
			);
		};
/* End PBXProject section */

/* Begin PBXResourcesBuildPhase section */
		5AC2E0C0286338BB009A0CA2 /* Resources */ = {
			isa = PBXResourcesBuildPhase;
			buildActionMask = 2147483647;
			files = (
				5AC2E0CD286338BC009A0CA2 /* Preview Assets.xcassets in Resources */,
				5AC2E0CA286338BC009A0CA2 /* Assets.xcassets in Resources */,
				5A8D787E2875E1C000CFA3F5 /* GoogleService-Info.plist in Resources */,
			);
			runOnlyForDeploymentPostprocessing = 0;
		};
/* End PBXResourcesBuildPhase section */

/* Begin PBXShellScriptBuildPhase section */
		1C9F3AE5DA2077D3486B70A5 /* [CP] Embed Pods Frameworks */ = {
			isa = PBXShellScriptBuildPhase;
			buildActionMask = 12;
			files = (
			);
			inputFileListPaths = (
				"${PODS_ROOT}/Target Support Files/Pods-IACD_EducationApp_StudentPortal/Pods-IACD_EducationApp_StudentPortal-frameworks-${CONFIGURATION}-input-files.xcfilelist",
			);
			name = "[CP] Embed Pods Frameworks";
			outputFileListPaths = (
				"${PODS_ROOT}/Target Support Files/Pods-IACD_EducationApp_StudentPortal/Pods-IACD_EducationApp_StudentPortal-frameworks-${CONFIGURATION}-output-files.xcfilelist",
			);
			runOnlyForDeploymentPostprocessing = 0;
			shellPath = /bin/sh;
			shellScript = "\"${PODS_ROOT}/Target Support Files/Pods-IACD_EducationApp_StudentPortal/Pods-IACD_EducationApp_StudentPortal-frameworks.sh\"\n";
			showEnvVarsInLog = 0;
		};
		BFB95F6F7974AFADAD2177CA /* [CP] Check Pods Manifest.lock */ = {
			isa = PBXShellScriptBuildPhase;
			buildActionMask = 2147483647;
			files = (
			);
			inputFileListPaths = (
			);
			inputPaths = (
				"${PODS_PODFILE_DIR_PATH}/Podfile.lock",
				"${PODS_ROOT}/Manifest.lock",
			);
			name = "[CP] Check Pods Manifest.lock";
			outputFileListPaths = (
			);
			outputPaths = (
				"$(DERIVED_FILE_DIR)/Pods-IACD_EducationApp_StudentPortal-checkManifestLockResult.txt",
			);
			runOnlyForDeploymentPostprocessing = 0;
			shellPath = /bin/sh;
			shellScript = "diff \"${PODS_PODFILE_DIR_PATH}/Podfile.lock\" \"${PODS_ROOT}/Manifest.lock\" > /dev/null\nif [ $? != 0 ] ; then\n    # print error to STDERR\n    echo \"error: The sandbox is not in sync with the Podfile.lock. Run 'pod install' or update your CocoaPods installation.\" >&2\n    exit 1\nfi\n# This output is used by Xcode 'outputs' to avoid re-running this script phase.\necho \"SUCCESS\" > \"${SCRIPT_OUTPUT_FILE_0}\"\n";
			showEnvVarsInLog = 0;
		};
/* End PBXShellScriptBuildPhase section */

/* Begin PBXSourcesBuildPhase section */
		5AC2E0BE286338BB009A0CA2 /* Sources */ = {
			isa = PBXSourcesBuildPhase;
			buildActionMask = 2147483647;
			files = (
				5A8D788A287F116700CFA3F5 /* StartView.swift in Sources */,
				5AC2E0D428634054009A0CA2 /* HomeView.swift in Sources */,
				5A3015E5288DD60700D63571 /* MessagesViewModel.swift in Sources */,
				5A8D78802875E2CB00CFA3F5 /* SignInFirebaseAuthView.swift in Sources */,
				6A2F98202881A6B6001844CC /* extensions.swift in Sources */,
				6AEE1822288E862600B3AD1F /* ClassesCardListView.swift in Sources */,
				5A71A9E12886D094006CC56B /* AccountView.swift in Sources */,
				5A8D7882287C2B0F00CFA3F5 /* AppViewModel.swift in Sources */,
				5A8D7888287F0A4A00CFA3F5 /* SignUpFirebaseAuthView.swift in Sources */,
				6AC20F322889A3590037076C /* Student.swift in Sources */,
				6AC20F2F2889A2370037076C /* ProfileView.swift in Sources */,
				6AC20F36288BE2000037076C /* SettingsItem.swift in Sources */,
				5AC2E0C8286338BB009A0CA2 /* ContentView.swift in Sources */,
				6AC20F3C288C07F70037076C /* StudentCardView.swift in Sources */,
				6A2F982C2881A71E001844CC /* CalendarHeaderView.swift in Sources */,
				5AC2E0D6286340FD009A0CA2 /* CalendarView.swift in Sources */,
				5A3015DF288DC34A00D63571 /* ChatRoomsViewModel.swift in Sources */,
				5A71A9E32886F43F006CC56B /* MapMenuView.swift in Sources */,
				6A2F981F2881A6B6001844CC /* Persistence.swift in Sources */,
				5A8D790C2880472600CFA3F5 /* MapView.swift in Sources */,
				5A3015E7288DD8A700D63571 /* MessagesView.swift in Sources */,
				6A2F982D2881A71E001844CC /* NewTask.swift in Sources */,
				6A2F98212881A6B6001844CC /* TaskManagementCoreData.xcdatamodeld in Sources */,
				5A71A9DB288591A1006CC56B /* SelectedModuleView.swift in Sources */,
				6AC20F342889A4480037076C /* StudentViewModel.swift in Sources */,
				5A8D791228804F6200CFA3F5 /* UpcomingProjectsView.swift in Sources */,
				5A71A9E82889A66C006CC56B /* RandomNumberGenerator.swift in Sources */,
				5A3015E1288DCD5E00D63571 /* ChatroomListView.swift in Sources */,
				18F1EEF12886EA5D00D3384D /* onboarding.swift in Sources */,
				5AC2E0C6286338BB009A0CA2 /* IACD_EducationApp_StudentPortalApp.swift in Sources */,
				6A2F982E2881A71E001844CC /* DynamicFilteredView.swift in Sources */,
				6AEE181B288D780700B3AD1F /* DegreeModule.swift in Sources */,
				6A2F98242881A6DB001844CC /* TaskViewModel.swift in Sources */,
				5A8D791028804F2700CFA3F5 /* CurrentModulesView.swift in Sources */,
				6A2F982B2881A71E001844CC /* CalendarHome.swift in Sources */,
				6AEE1820288DC41F00B3AD1F /* ModulesCardView.swift in Sources */,
				5A8D7884287F072A00CFA3F5 /* SignInSignUpChoiceView.swift in Sources */,
				5A3015E3288DD27500D63571 /* JoinChatroomView.swift in Sources */,
			);
			runOnlyForDeploymentPostprocessing = 0;
		};
/* End PBXSourcesBuildPhase section */

/* Begin XCBuildConfiguration section */
		5AC2E0CE286338BC009A0CA2 /* Debug */ = {
			isa = XCBuildConfiguration;
			buildSettings = {
				ALWAYS_SEARCH_USER_PATHS = NO;
				CLANG_ANALYZER_NONNULL = YES;
				CLANG_ANALYZER_NUMBER_OBJECT_CONVERSION = YES_AGGRESSIVE;
				CLANG_CXX_LANGUAGE_STANDARD = "gnu++17";
				CLANG_CXX_LIBRARY = "libc++";
				CLANG_ENABLE_MODULES = YES;
				CLANG_ENABLE_OBJC_ARC = YES;
				CLANG_ENABLE_OBJC_WEAK = YES;
				CLANG_WARN_BLOCK_CAPTURE_AUTORELEASING = YES;
				CLANG_WARN_BOOL_CONVERSION = YES;
				CLANG_WARN_COMMA = YES;
				CLANG_WARN_CONSTANT_CONVERSION = YES;
				CLANG_WARN_DEPRECATED_OBJC_IMPLEMENTATIONS = YES;
				CLANG_WARN_DIRECT_OBJC_ISA_USAGE = YES_ERROR;
				CLANG_WARN_DOCUMENTATION_COMMENTS = YES;
				CLANG_WARN_EMPTY_BODY = YES;
				CLANG_WARN_ENUM_CONVERSION = YES;
				CLANG_WARN_INFINITE_RECURSION = YES;
				CLANG_WARN_INT_CONVERSION = YES;
				CLANG_WARN_NON_LITERAL_NULL_CONVERSION = YES;
				CLANG_WARN_OBJC_IMPLICIT_RETAIN_SELF = YES;
				CLANG_WARN_OBJC_LITERAL_CONVERSION = YES;
				CLANG_WARN_OBJC_ROOT_CLASS = YES_ERROR;
				CLANG_WARN_QUOTED_INCLUDE_IN_FRAMEWORK_HEADER = YES;
				CLANG_WARN_RANGE_LOOP_ANALYSIS = YES;
				CLANG_WARN_STRICT_PROTOTYPES = YES;
				CLANG_WARN_SUSPICIOUS_MOVE = YES;
				CLANG_WARN_UNGUARDED_AVAILABILITY = YES_AGGRESSIVE;
				CLANG_WARN_UNREACHABLE_CODE = YES;
				CLANG_WARN__DUPLICATE_METHOD_MATCH = YES;
				COPY_PHASE_STRIP = NO;
				DEBUG_INFORMATION_FORMAT = dwarf;
				ENABLE_STRICT_OBJC_MSGSEND = YES;
				ENABLE_TESTABILITY = YES;
				GCC_C_LANGUAGE_STANDARD = gnu11;
				GCC_DYNAMIC_NO_PIC = NO;
				GCC_NO_COMMON_BLOCKS = YES;
				GCC_OPTIMIZATION_LEVEL = 0;
				GCC_PREPROCESSOR_DEFINITIONS = (
					"DEBUG=1",
					"$(inherited)",
				);
				GCC_WARN_64_TO_32_BIT_CONVERSION = YES;
				GCC_WARN_ABOUT_RETURN_TYPE = YES_ERROR;
				GCC_WARN_UNDECLARED_SELECTOR = YES;
				GCC_WARN_UNINITIALIZED_AUTOS = YES_AGGRESSIVE;
				GCC_WARN_UNUSED_FUNCTION = YES;
				GCC_WARN_UNUSED_VARIABLE = YES;
				IPHONEOS_DEPLOYMENT_TARGET = 15.2;
				MTL_ENABLE_DEBUG_INFO = INCLUDE_SOURCE;
				MTL_FAST_MATH = YES;
				ONLY_ACTIVE_ARCH = YES;
				SDKROOT = iphoneos;
				SWIFT_ACTIVE_COMPILATION_CONDITIONS = DEBUG;
				SWIFT_OPTIMIZATION_LEVEL = "-Onone";
			};
			name = Debug;
		};
		5AC2E0CF286338BC009A0CA2 /* Release */ = {
			isa = XCBuildConfiguration;
			buildSettings = {
				ALWAYS_SEARCH_USER_PATHS = NO;
				CLANG_ANALYZER_NONNULL = YES;
				CLANG_ANALYZER_NUMBER_OBJECT_CONVERSION = YES_AGGRESSIVE;
				CLANG_CXX_LANGUAGE_STANDARD = "gnu++17";
				CLANG_CXX_LIBRARY = "libc++";
				CLANG_ENABLE_MODULES = YES;
				CLANG_ENABLE_OBJC_ARC = YES;
				CLANG_ENABLE_OBJC_WEAK = YES;
				CLANG_WARN_BLOCK_CAPTURE_AUTORELEASING = YES;
				CLANG_WARN_BOOL_CONVERSION = YES;
				CLANG_WARN_COMMA = YES;
				CLANG_WARN_CONSTANT_CONVERSION = YES;
				CLANG_WARN_DEPRECATED_OBJC_IMPLEMENTATIONS = YES;
				CLANG_WARN_DIRECT_OBJC_ISA_USAGE = YES_ERROR;
				CLANG_WARN_DOCUMENTATION_COMMENTS = YES;
				CLANG_WARN_EMPTY_BODY = YES;
				CLANG_WARN_ENUM_CONVERSION = YES;
				CLANG_WARN_INFINITE_RECURSION = YES;
				CLANG_WARN_INT_CONVERSION = YES;
				CLANG_WARN_NON_LITERAL_NULL_CONVERSION = YES;
				CLANG_WARN_OBJC_IMPLICIT_RETAIN_SELF = YES;
				CLANG_WARN_OBJC_LITERAL_CONVERSION = YES;
				CLANG_WARN_OBJC_ROOT_CLASS = YES_ERROR;
				CLANG_WARN_QUOTED_INCLUDE_IN_FRAMEWORK_HEADER = YES;
				CLANG_WARN_RANGE_LOOP_ANALYSIS = YES;
				CLANG_WARN_STRICT_PROTOTYPES = YES;
				CLANG_WARN_SUSPICIOUS_MOVE = YES;
				CLANG_WARN_UNGUARDED_AVAILABILITY = YES_AGGRESSIVE;
				CLANG_WARN_UNREACHABLE_CODE = YES;
				CLANG_WARN__DUPLICATE_METHOD_MATCH = YES;
				COPY_PHASE_STRIP = NO;
				DEBUG_INFORMATION_FORMAT = "dwarf-with-dsym";
				ENABLE_NS_ASSERTIONS = NO;
				ENABLE_STRICT_OBJC_MSGSEND = YES;
				GCC_C_LANGUAGE_STANDARD = gnu11;
				GCC_NO_COMMON_BLOCKS = YES;
				GCC_WARN_64_TO_32_BIT_CONVERSION = YES;
				GCC_WARN_ABOUT_RETURN_TYPE = YES_ERROR;
				GCC_WARN_UNDECLARED_SELECTOR = YES;
				GCC_WARN_UNINITIALIZED_AUTOS = YES_AGGRESSIVE;
				GCC_WARN_UNUSED_FUNCTION = YES;
				GCC_WARN_UNUSED_VARIABLE = YES;
				IPHONEOS_DEPLOYMENT_TARGET = 15.2;
				MTL_ENABLE_DEBUG_INFO = NO;
				MTL_FAST_MATH = YES;
				SDKROOT = iphoneos;
				SWIFT_COMPILATION_MODE = wholemodule;
				SWIFT_OPTIMIZATION_LEVEL = "-O";
				VALIDATE_PRODUCT = YES;
			};
			name = Release;
		};
		5AC2E0D1286338BC009A0CA2 /* Debug */ = {
			isa = XCBuildConfiguration;
			baseConfigurationReference = B830B4E1F01248BD0D3371A1 /* Pods-IACD_EducationApp_StudentPortal.debug.xcconfig */;
			buildSettings = {
				ASSETCATALOG_COMPILER_APPICON_NAME = AppIcon;
				ASSETCATALOG_COMPILER_GLOBAL_ACCENT_COLOR_NAME = AccentColor;
				CODE_SIGN_STYLE = Automatic;
				CURRENT_PROJECT_VERSION = 1;
				DEVELOPMENT_ASSET_PATHS = "\"IACD_EducationApp_StudentPortal/Preview Content\"";
				DEVELOPMENT_TEAM = TGGDTMFZ2S;
				ENABLE_PREVIEWS = YES;
				GENERATE_INFOPLIST_FILE = YES;
				INFOPLIST_KEY_UIApplicationSceneManifest_Generation = YES;
				INFOPLIST_KEY_UIApplicationSupportsIndirectInputEvents = YES;
				INFOPLIST_KEY_UILaunchScreen_Generation = YES;
				INFOPLIST_KEY_UISupportedInterfaceOrientations_iPad = "UIInterfaceOrientationPortrait UIInterfaceOrientationPortraitUpsideDown UIInterfaceOrientationLandscapeLeft UIInterfaceOrientationLandscapeRight";
				INFOPLIST_KEY_UISupportedInterfaceOrientations_iPhone = "UIInterfaceOrientationPortrait UIInterfaceOrientationLandscapeLeft UIInterfaceOrientationLandscapeRight";
				LD_RUNPATH_SEARCH_PATHS = (
					"$(inherited)",
					"@executable_path/Frameworks",
				);
				MARKETING_VERSION = 1.0;
				PRODUCT_BUNDLE_IDENTIFIER = "com.vieyra01.IACD-EducationApp-StudentPortal";
				PRODUCT_NAME = "$(TARGET_NAME)";
				SWIFT_EMIT_LOC_STRINGS = YES;
				SWIFT_VERSION = 5.0;
				TARGETED_DEVICE_FAMILY = "1,2";
			};
			name = Debug;
		};
		5AC2E0D2286338BC009A0CA2 /* Release */ = {
			isa = XCBuildConfiguration;
			baseConfigurationReference = 1BF643E09FB5B438EE4DBD33 /* Pods-IACD_EducationApp_StudentPortal.release.xcconfig */;
			buildSettings = {
				ASSETCATALOG_COMPILER_APPICON_NAME = AppIcon;
				ASSETCATALOG_COMPILER_GLOBAL_ACCENT_COLOR_NAME = AccentColor;
				CODE_SIGN_STYLE = Automatic;
				CURRENT_PROJECT_VERSION = 1;
				DEVELOPMENT_ASSET_PATHS = "\"IACD_EducationApp_StudentPortal/Preview Content\"";
				DEVELOPMENT_TEAM = TGGDTMFZ2S;
				ENABLE_PREVIEWS = YES;
				GENERATE_INFOPLIST_FILE = YES;
				INFOPLIST_KEY_UIApplicationSceneManifest_Generation = YES;
				INFOPLIST_KEY_UIApplicationSupportsIndirectInputEvents = YES;
				INFOPLIST_KEY_UILaunchScreen_Generation = YES;
				INFOPLIST_KEY_UISupportedInterfaceOrientations_iPad = "UIInterfaceOrientationPortrait UIInterfaceOrientationPortraitUpsideDown UIInterfaceOrientationLandscapeLeft UIInterfaceOrientationLandscapeRight";
				INFOPLIST_KEY_UISupportedInterfaceOrientations_iPhone = "UIInterfaceOrientationPortrait UIInterfaceOrientationLandscapeLeft UIInterfaceOrientationLandscapeRight";
				LD_RUNPATH_SEARCH_PATHS = (
					"$(inherited)",
					"@executable_path/Frameworks",
				);
				MARKETING_VERSION = 1.0;
				PRODUCT_BUNDLE_IDENTIFIER = "com.vieyra01.IACD-EducationApp-StudentPortal";
				PRODUCT_NAME = "$(TARGET_NAME)";
				SWIFT_EMIT_LOC_STRINGS = YES;
				SWIFT_VERSION = 5.0;
				TARGETED_DEVICE_FAMILY = "1,2";
			};
			name = Release;
		};
/* End XCBuildConfiguration section */

/* Begin XCConfigurationList section */
		5AC2E0BD286338BB009A0CA2 /* Build configuration list for PBXProject "IACD_EducationApp_StudentPortal" */ = {
			isa = XCConfigurationList;
			buildConfigurations = (
				5AC2E0CE286338BC009A0CA2 /* Debug */,
				5AC2E0CF286338BC009A0CA2 /* Release */,
			);
			defaultConfigurationIsVisible = 0;
			defaultConfigurationName = Release;
		};
		5AC2E0D0286338BC009A0CA2 /* Build configuration list for PBXNativeTarget "IACD_EducationApp_StudentPortal" */ = {
			isa = XCConfigurationList;
			buildConfigurations = (
				5AC2E0D1286338BC009A0CA2 /* Debug */,
				5AC2E0D2286338BC009A0CA2 /* Release */,
			);
			defaultConfigurationIsVisible = 0;
			defaultConfigurationName = Release;
		};
/* End XCConfigurationList section */

/* Begin XCVersionGroup section */
		6A2F981D2881A6B6001844CC /* TaskManagementCoreData.xcdatamodeld */ = {
			isa = XCVersionGroup;
			children = (
				6A2F981E2881A6B6001844CC /* TaskManagementCoreData.xcdatamodel */,
			);
			currentVersion = 6A2F981E2881A6B6001844CC /* TaskManagementCoreData.xcdatamodel */;
			path = TaskManagementCoreData.xcdatamodeld;
			sourceTree = "<group>";
			versionGroupType = wrapper.xcdatamodel;
		};
/* End XCVersionGroup section */
	};
	rootObject = 5AC2E0BA286338BB009A0CA2 /* Project object */;
}
